
Microsoft Visual Studio Solution File, Format Version 12.00
# Visual Studio Version 17
VisualStudioVersion = 17.0.32126.317
MinimumVisualStudioVersion = 10.0.40219.1
Project("{FAE04EC0-301F-11D3-BF4B-00C04F79EFBC}") = "Ejercicio_2_Programación_III", "Ejercicio_2_Programación_III\Ejercicio_2_Programación_III.csproj", "{9D2F0A69-61DF-4444-8BD7-C59F9C77FAAB}"
EndProject
Global
	GlobalSection(SolutionConfigurationPlatforms) = preSolution
		Debug|Any CPU = Debug|Any CPU
		Release|Any CPU = Release|Any CPU
	EndGlobalSection
	GlobalSection(ProjectConfigurationPlatforms) = postSolution
		{9D2F0A69-61DF-4444-8BD7-C59F9C77FAAB}.Debug|Any CPU.ActiveCfg = Debug|Any CPU
		{9D2F0A69-61DF-4444-8BD7-C59F9C77FAAB}.Debug|Any CPU.Build.0 = Debug|Any CPU
		{9D2F0A69-61DF-4444-8BD7-C59F9C77FAAB}.Release|Any CPU.ActiveCfg = Release|Any CPU
		{9D2F0A69-61DF-4444-8BD7-C59F9C77FAAB}.Release|Any CPU.Build.0 = Release|Any CPU
	EndGlobalSection
	GlobalSection(SolutionProperties) = preSolution
		HideSolutionNode = FALSE
	EndGlobalSection
	GlobalSection(ExtensibilityGlobals) = postSolution
		SolutionGuid = {42B8783B-4C0D-4FF4-8D67-F2398BCA4E8E}
	EndGlobalSection
EndGlobal
